
Microsoft Visual Studio Solution File, Format Version 12.00
# Visual Studio 15
VisualStudioVersion = 15.0.26228.12
MinimumVisualStudioVersion = 10.0.40219.1
Project("{8BC9CEB8-8B4A-11D0-8D11-00A0C91BC942}") = "pea1", "pea\pea.vcxproj", "{B7DA8DEC-EABF-4A1E-99EF-EA8D7E5B38DB}"
EndProject
Project("{8BC9CEB8-8B4A-11D0-8D11-00A0C91BC942}") = "pea2", "pea2\pea2.vcxproj", "{3A36B8B1-FAFA-4827-A5C1-6449701B32B2}"
EndProject
Project("{8BC9CEB8-8B4A-11D0-8D11-00A0C91BC942}") = "Converter", "Converter\Converter.vcxproj", "{ECBF4F2F-6713-418E-BF26-50304B6D7F89}"
EndProject
Project("{8BC9CEB8-8B4A-11D0-8D11-00A0C91BC942}") = "pea3", "pea3\pea3.vcxproj", "{7CA415B0-A968-4460-870C-A94AB0B0E7C6}"
EndProject
Global
	GlobalSection(SolutionConfigurationPlatforms) = preSolution
		Debug|x64 = Debug|x64
		Debug|x86 = Debug|x86
		Release|x64 = Release|x64
		Release|x86 = Release|x86
	EndGlobalSection
	GlobalSection(ProjectConfigurationPlatforms) = postSolution
		{B7DA8DEC-EABF-4A1E-99EF-EA8D7E5B38DB}.Debug|x64.ActiveCfg = Debug|x64
		{B7DA8DEC-EABF-4A1E-99EF-EA8D7E5B38DB}.Debug|x64.Build.0 = Debug|x64
		{B7DA8DEC-EABF-4A1E-99EF-EA8D7E5B38DB}.Debug|x86.ActiveCfg = Debug|Win32
		{B7DA8DEC-EABF-4A1E-99EF-EA8D7E5B38DB}.Debug|x86.Build.0 = Debug|Win32
		{B7DA8DEC-EABF-4A1E-99EF-EA8D7E5B38DB}.Release|x64.ActiveCfg = Release|x64
		{B7DA8DEC-EABF-4A1E-99EF-EA8D7E5B38DB}.Release|x64.Build.0 = Release|x64
		{B7DA8DEC-EABF-4A1E-99EF-EA8D7E5B38DB}.Release|x86.ActiveCfg = Release|Win32
		{B7DA8DEC-EABF-4A1E-99EF-EA8D7E5B38DB}.Release|x86.Build.0 = Release|Win32
		{3A36B8B1-FAFA-4827-A5C1-6449701B32B2}.Debug|x64.ActiveCfg = Debug|x64
		{3A36B8B1-FAFA-4827-A5C1-6449701B32B2}.Debug|x64.Build.0 = Debug|x64
		{3A36B8B1-FAFA-4827-A5C1-6449701B32B2}.Debug|x86.ActiveCfg = Debug|Win32
		{3A36B8B1-FAFA-4827-A5C1-6449701B32B2}.Debug|x86.Build.0 = Debug|Win32
		{3A36B8B1-FAFA-4827-A5C1-6449701B32B2}.Release|x64.ActiveCfg = Release|x64
		{3A36B8B1-FAFA-4827-A5C1-6449701B32B2}.Release|x64.Build.0 = Release|x64
		{3A36B8B1-FAFA-4827-A5C1-6449701B32B2}.Release|x86.ActiveCfg = Release|Win32
		{3A36B8B1-FAFA-4827-A5C1-6449701B32B2}.Release|x86.Build.0 = Release|Win32
		{ECBF4F2F-6713-418E-BF26-50304B6D7F89}.Debug|x64.ActiveCfg = Debug|x64
		{ECBF4F2F-6713-418E-BF26-50304B6D7F89}.Debug|x64.Build.0 = Debug|x64
		{ECBF4F2F-6713-418E-BF26-50304B6D7F89}.Debug|x86.ActiveCfg = Debug|Win32
		{ECBF4F2F-6713-418E-BF26-50304B6D7F89}.Debug|x86.Build.0 = Debug|Win32
		{ECBF4F2F-6713-418E-BF26-50304B6D7F89}.Release|x64.ActiveCfg = Release|x64
		{ECBF4F2F-6713-418E-BF26-50304B6D7F89}.Release|x64.Build.0 = Release|x64
		{ECBF4F2F-6713-418E-BF26-50304B6D7F89}.Release|x86.ActiveCfg = Release|Win32
		{ECBF4F2F-6713-418E-BF26-50304B6D7F89}.Release|x86.Build.0 = Release|Win32
		{7CA415B0-A968-4460-870C-A94AB0B0E7C6}.Debug|x64.ActiveCfg = Debug|x64
		{7CA415B0-A968-4460-870C-A94AB0B0E7C6}.Debug|x64.Build.0 = Debug|x64
		{7CA415B0-A968-4460-870C-A94AB0B0E7C6}.Debug|x86.ActiveCfg = Debug|Win32
		{7CA415B0-A968-4460-870C-A94AB0B0E7C6}.Debug|x86.Build.0 = Debug|Win32
		{7CA415B0-A968-4460-870C-A94AB0B0E7C6}.Release|x64.ActiveCfg = Release|x64
		{7CA415B0-A968-4460-870C-A94AB0B0E7C6}.Release|x64.Build.0 = Release|x64
		{7CA415B0-A968-4460-870C-A94AB0B0E7C6}.Release|x86.ActiveCfg = Release|Win32
		{7CA415B0-A968-4460-870C-A94AB0B0E7C6}.Release|x86.Build.0 = Release|Win32
	EndGlobalSection
	GlobalSection(SolutionProperties) = preSolution
		HideSolutionNode = FALSE
	EndGlobalSection
EndGlobal
